// !$*UTF8*$!
{
	archiveVersion = 1;
	classes = {
	};
	objectVersion = 55;
	objects = {

/* Begin PBXBuildFile section */
		2E77E384288A9E100079FBDA /* Montserrat-ThinItalic.ttf in Resources */ = {isa = PBXBuildFile; fileRef = 2E77E372288A9E100079FBDA /* Montserrat-ThinItalic.ttf */; };
		2E77E385288A9E100079FBDA /* Montserrat-Light.ttf in Resources */ = {isa = PBXBuildFile; fileRef = 2E77E373288A9E100079FBDA /* Montserrat-Light.ttf */; };
		2E77E386288A9E100079FBDA /* Montserrat-BoldItalic.ttf in Resources */ = {isa = PBXBuildFile; fileRef = 2E77E374288A9E100079FBDA /* Montserrat-BoldItalic.ttf */; };
		2E77E387288A9E100079FBDA /* Montserrat-LightItalic.ttf in Resources */ = {isa = PBXBuildFile; fileRef = 2E77E375288A9E100079FBDA /* Montserrat-LightItalic.ttf */; };
		2E77E388288A9E100079FBDA /* Montserrat-Italic.ttf in Resources */ = {isa = PBXBuildFile; fileRef = 2E77E376288A9E100079FBDA /* Montserrat-Italic.ttf */; };
		2E77E389288A9E100079FBDA /* Montserrat-Medium.ttf in Resources */ = {isa = PBXBuildFile; fileRef = 2E77E377288A9E100079FBDA /* Montserrat-Medium.ttf */; };
		2E77E38A288A9E100079FBDA /* Montserrat-SemiBold.ttf in Resources */ = {isa = PBXBuildFile; fileRef = 2E77E378288A9E100079FBDA /* Montserrat-SemiBold.ttf */; };
		2E77E38B288A9E100079FBDA /* Montserrat-ExtraBoldItalic.ttf in Resources */ = {isa = PBXBuildFile; fileRef = 2E77E379288A9E100079FBDA /* Montserrat-ExtraBoldItalic.ttf */; };
		2E77E38C288A9E100079FBDA /* Montserrat-ExtraLight.ttf in Resources */ = {isa = PBXBuildFile; fileRef = 2E77E37A288A9E100079FBDA /* Montserrat-ExtraLight.ttf */; };
		2E77E38D288A9E100079FBDA /* Montserrat-ExtraBold.ttf in Resources */ = {isa = PBXBuildFile; fileRef = 2E77E37B288A9E100079FBDA /* Montserrat-ExtraBold.ttf */; };
		2E77E38E288A9E100079FBDA /* Montserrat-Black.ttf in Resources */ = {isa = PBXBuildFile; fileRef = 2E77E37C288A9E100079FBDA /* Montserrat-Black.ttf */; };
		2E77E38F288A9E100079FBDA /* Montserrat-SemiBoldItalic.ttf in Resources */ = {isa = PBXBuildFile; fileRef = 2E77E37D288A9E100079FBDA /* Montserrat-SemiBoldItalic.ttf */; };
		2E77E390288A9E100079FBDA /* Montserrat-Bold.ttf in Resources */ = {isa = PBXBuildFile; fileRef = 2E77E37E288A9E100079FBDA /* Montserrat-Bold.ttf */; };
		2E77E391288A9E100079FBDA /* Montserrat-MediumItalic.ttf in Resources */ = {isa = PBXBuildFile; fileRef = 2E77E37F288A9E100079FBDA /* Montserrat-MediumItalic.ttf */; };
		2E77E392288A9E100079FBDA /* Montserrat-Regular.ttf in Resources */ = {isa = PBXBuildFile; fileRef = 2E77E380288A9E100079FBDA /* Montserrat-Regular.ttf */; };
		2E77E393288A9E100079FBDA /* Montserrat-ExtraLightItalic.ttf in Resources */ = {isa = PBXBuildFile; fileRef = 2E77E381288A9E100079FBDA /* Montserrat-ExtraLightItalic.ttf */; };
		2E77E394288A9E100079FBDA /* Montserrat-BlackItalic.ttf in Resources */ = {isa = PBXBuildFile; fileRef = 2E77E382288A9E100079FBDA /* Montserrat-BlackItalic.ttf */; };
		2E77E395288A9E100079FBDA /* Montserrat-Thin.ttf in Resources */ = {isa = PBXBuildFile; fileRef = 2E77E383288A9E100079FBDA /* Montserrat-Thin.ttf */; };
		2E793987289037FB0044FEC6 /* memes.json in Resources */ = {isa = PBXBuildFile; fileRef = 2E793986289037FB0044FEC6 /* memes.json */; };
		2E7F745E288D7F6900B1D7F6 /* Meme.swift in Sources */ = {isa = PBXBuildFile; fileRef = 2E7F745D288D7F6900B1D7F6 /* Meme.swift */; };
		2E8A05C4288AC996003CD92C /* MemeDetails.swift in Sources */ = {isa = PBXBuildFile; fileRef = 2E8A05C3288AC996003CD92C /* MemeDetails.swift */; };
		2E8B83BD288A8D2600C240E3 /* Home.swift in Sources */ = {isa = PBXBuildFile; fileRef = 2E8B83BC288A8D2600C240E3 /* Home.swift */; };
		2EAF0479288AD3A000E618F4 /* MemeList.swift in Sources */ = {isa = PBXBuildFile; fileRef = 2EAF0478288AD3A000E618F4 /* MemeList.swift */; };
		2EE1AB73288902A500B0291E /* memelandApp.swift in Sources */ = {isa = PBXBuildFile; fileRef = 2EE1AB72288902A500B0291E /* memelandApp.swift */; };
		2EE1AB75288902A500B0291E /* ContentView.swift in Sources */ = {isa = PBXBuildFile; fileRef = 2EE1AB74288902A500B0291E /* ContentView.swift */; };
		2EE1AB77288902A700B0291E /* Assets.xcassets in Resources */ = {isa = PBXBuildFile; fileRef = 2EE1AB76288902A700B0291E /* Assets.xcassets */; };
		2EE1AB7A288902A700B0291E /* Preview Assets.xcassets in Resources */ = {isa = PBXBuildFile; fileRef = 2EE1AB79288902A700B0291E /* Preview Assets.xcassets */; };
/* End PBXBuildFile section */

/* Begin PBXFileReference section */
		2E77E372288A9E100079FBDA /* Montserrat-ThinItalic.ttf */ = {isa = PBXFileReference; lastKnownFileType = file; name = "Montserrat-ThinItalic.ttf"; path = "../../../../../../Downloads/Montserrat/static/Montserrat-ThinItalic.ttf"; sourceTree = "<group>"; };
		2E77E373288A9E100079FBDA /* Montserrat-Light.ttf */ = {isa = PBXFileReference; lastKnownFileType = file; name = "Montserrat-Light.ttf"; path = "../../../../../../Downloads/Montserrat/static/Montserrat-Light.ttf"; sourceTree = "<group>"; };
		2E77E374288A9E100079FBDA /* Montserrat-BoldItalic.ttf */ = {isa = PBXFileReference; lastKnownFileType = file; name = "Montserrat-BoldItalic.ttf"; path = "../../../../../../Downloads/Montserrat/static/Montserrat-BoldItalic.ttf"; sourceTree = "<group>"; };
		2E77E375288A9E100079FBDA /* Montserrat-LightItalic.ttf */ = {isa = PBXFileReference; lastKnownFileType = file; name = "Montserrat-LightItalic.ttf"; path = "../../../../../../Downloads/Montserrat/static/Montserrat-LightItalic.ttf"; sourceTree = "<group>"; };
		2E77E376288A9E100079FBDA /* Montserrat-Italic.ttf */ = {isa = PBXFileReference; lastKnownFileType = file; name = "Montserrat-Italic.ttf"; path = "../../../../../../Downloads/Montserrat/static/Montserrat-Italic.ttf"; sourceTree = "<group>"; };
		2E77E377288A9E100079FBDA /* Montserrat-Medium.ttf */ = {isa = PBXFileReference; lastKnownFileType = file; name = "Montserrat-Medium.ttf"; path = "../../../../../../Downloads/Montserrat/static/Montserrat-Medium.ttf"; sourceTree = "<group>"; };
		2E77E378288A9E100079FBDA /* Montserrat-SemiBold.ttf */ = {isa = PBXFileReference; lastKnownFileType = file; name = "Montserrat-SemiBold.ttf"; path = "../../../../../../Downloads/Montserrat/static/Montserrat-SemiBold.ttf"; sourceTree = "<group>"; };
		2E77E379288A9E100079FBDA /* Montserrat-ExtraBoldItalic.ttf */ = {isa = PBXFileReference; lastKnownFileType = file; name = "Montserrat-ExtraBoldItalic.ttf"; path = "../../../../../../Downloads/Montserrat/static/Montserrat-ExtraBoldItalic.ttf"; sourceTree = "<group>"; };
		2E77E37A288A9E100079FBDA /* Montserrat-ExtraLight.ttf */ = {isa = PBXFileReference; lastKnownFileType = file; name = "Montserrat-ExtraLight.ttf"; path = "../../../../../../Downloads/Montserrat/static/Montserrat-ExtraLight.ttf"; sourceTree = "<group>"; };
		2E77E37B288A9E100079FBDA /* Montserrat-ExtraBold.ttf */ = {isa = PBXFileReference; lastKnownFileType = file; name = "Montserrat-ExtraBold.ttf"; path = "../../../../../../Downloads/Montserrat/static/Montserrat-ExtraBold.ttf"; sourceTree = "<group>"; };
		2E77E37C288A9E100079FBDA /* Montserrat-Black.ttf */ = {isa = PBXFileReference; lastKnownFileType = file; name = "Montserrat-Black.ttf"; path = "../../../../../../Downloads/Montserrat/static/Montserrat-Black.ttf"; sourceTree = "<group>"; };
		2E77E37D288A9E100079FBDA /* Montserrat-SemiBoldItalic.ttf */ = {isa = PBXFileReference; lastKnownFileType = file; name = "Montserrat-SemiBoldItalic.ttf"; path = "../../../../../../Downloads/Montserrat/static/Montserrat-SemiBoldItalic.ttf"; sourceTree = "<group>"; };
		2E77E37E288A9E100079FBDA /* Montserrat-Bold.ttf */ = {isa = PBXFileReference; lastKnownFileType = file; name = "Montserrat-Bold.ttf"; path = "../../../../../../Downloads/Montserrat/static/Montserrat-Bold.ttf"; sourceTree = "<group>"; };
		2E77E37F288A9E100079FBDA /* Montserrat-MediumItalic.ttf */ = {isa = PBXFileReference; lastKnownFileType = file; name = "Montserrat-MediumItalic.ttf"; path = "../../../../../../Downloads/Montserrat/static/Montserrat-MediumItalic.ttf"; sourceTree = "<group>"; };
		2E77E380288A9E100079FBDA /* Montserrat-Regular.ttf */ = {isa = PBXFileReference; lastKnownFileType = file; name = "Montserrat-Regular.ttf"; path = "../../../../../../Downloads/Montserrat/static/Montserrat-Regular.ttf"; sourceTree = "<group>"; };
		2E77E381288A9E100079FBDA /* Montserrat-ExtraLightItalic.ttf */ = {isa = PBXFileReference; lastKnownFileType = file; name = "Montserrat-ExtraLightItalic.ttf"; path = "../../../../../../Downloads/Montserrat/static/Montserrat-ExtraLightItalic.ttf"; sourceTree = "<group>"; };
		2E77E382288A9E100079FBDA /* Montserrat-BlackItalic.ttf */ = {isa = PBXFileReference; lastKnownFileType = file; name = "Montserrat-BlackItalic.ttf"; path = "../../../../../../Downloads/Montserrat/static/Montserrat-BlackItalic.ttf"; sourceTree = "<group>"; };
		2E77E383288A9E100079FBDA /* Montserrat-Thin.ttf */ = {isa = PBXFileReference; lastKnownFileType = file; name = "Montserrat-Thin.ttf"; path = "../../../../../../Downloads/Montserrat/static/Montserrat-Thin.ttf"; sourceTree = "<group>"; };
		2E77E398288AC1140079FBDA /* Info.plist */ = {isa = PBXFileReference; lastKnownFileType = text.plist; path = Info.plist; sourceTree = "<group>"; };
		2E793986289037FB0044FEC6 /* memes.json */ = {isa = PBXFileReference; lastKnownFileType = text.json; path = memes.json; sourceTree = "<group>"; };
		2E7F745D288D7F6900B1D7F6 /* Meme.swift */ = {isa = PBXFileReference; lastKnownFileType = sourcecode.swift; path = Meme.swift; sourceTree = "<group>"; };
		2E8A05C3288AC996003CD92C /* MemeDetails.swift */ = {isa = PBXFileReference; lastKnownFileType = sourcecode.swift; path = MemeDetails.swift; sourceTree = "<group>"; };
		2E8B83BC288A8D2600C240E3 /* Home.swift */ = {isa = PBXFileReference; lastKnownFileType = sourcecode.swift; path = Home.swift; sourceTree = "<group>"; };
		2EAF0478288AD3A000E618F4 /* MemeList.swift */ = {isa = PBXFileReference; lastKnownFileType = sourcecode.swift; path = MemeList.swift; sourceTree = "<group>"; };
		2EE1AB6F288902A500B0291E /* memeland.app */ = {isa = PBXFileReference; explicitFileType = wrapper.application; includeInIndex = 0; path = memeland.app; sourceTree = BUILT_PRODUCTS_DIR; };
		2EE1AB72288902A500B0291E /* memelandApp.swift */ = {isa = PBXFileReference; lastKnownFileType = sourcecode.swift; path = memelandApp.swift; sourceTree = "<group>"; };
		2EE1AB74288902A500B0291E /* ContentView.swift */ = {isa = PBXFileReference; lastKnownFileType = sourcecode.swift; path = ContentView.swift; sourceTree = "<group>"; };
		2EE1AB76288902A700B0291E /* Assets.xcassets */ = {isa = PBXFileReference; lastKnownFileType = folder.assetcatalog; path = Assets.xcassets; sourceTree = "<group>"; };
		2EE1AB79288902A700B0291E /* Preview Assets.xcassets */ = {isa = PBXFileReference; lastKnownFileType = folder.assetcatalog; path = "Preview Assets.xcassets"; sourceTree = "<group>"; };
/* End PBXFileReference section */

/* Begin PBXFrameworksBuildPhase section */
		2EE1AB6C288902A500B0291E /* Frameworks */ = {
			isa = PBXFrameworksBuildPhase;
			buildActionMask = 2147483647;
			files = (
			);
			runOnlyForDeploymentPostprocessing = 0;
		};
/* End PBXFrameworksBuildPhase section */

/* Begin PBXGroup section */
		2E77E371288A9D890079FBDA /* Fonts */ = {
			isa = PBXGroup;
			children = (
				2E77E37C288A9E100079FBDA /* Montserrat-Black.ttf */,
				2E77E382288A9E100079FBDA /* Montserrat-BlackItalic.ttf */,
				2E77E37E288A9E100079FBDA /* Montserrat-Bold.ttf */,
				2E77E374288A9E100079FBDA /* Montserrat-BoldItalic.ttf */,
				2E77E37B288A9E100079FBDA /* Montserrat-ExtraBold.ttf */,
				2E77E379288A9E100079FBDA /* Montserrat-ExtraBoldItalic.ttf */,
				2E77E37A288A9E100079FBDA /* Montserrat-ExtraLight.ttf */,
				2E77E381288A9E100079FBDA /* Montserrat-ExtraLightItalic.ttf */,
				2E77E376288A9E100079FBDA /* Montserrat-Italic.ttf */,
				2E77E373288A9E100079FBDA /* Montserrat-Light.ttf */,
				2E77E375288A9E100079FBDA /* Montserrat-LightItalic.ttf */,
				2E77E377288A9E100079FBDA /* Montserrat-Medium.ttf */,
				2E77E37F288A9E100079FBDA /* Montserrat-MediumItalic.ttf */,
				2E77E380288A9E100079FBDA /* Montserrat-Regular.ttf */,
				2E77E378288A9E100079FBDA /* Montserrat-SemiBold.ttf */,
				2E77E37D288A9E100079FBDA /* Montserrat-SemiBoldItalic.ttf */,
				2E77E383288A9E100079FBDA /* Montserrat-Thin.ttf */,
				2E77E372288A9E100079FBDA /* Montserrat-ThinItalic.ttf */,
			);
			path = Fonts;
			sourceTree = "<group>";
		};
		2E7F7456288D7DD000B1D7F6 /* Data */ = {
			isa = PBXGroup;
			children = (
				2E793986289037FB0044FEC6 /* memes.json */,
			);
			path = Data;
			sourceTree = "<group>";
		};
		2E7F745C288D7F5600B1D7F6 /* Models */ = {
			isa = PBXGroup;
			children = (
				2E7F745D288D7F6900B1D7F6 /* Meme.swift */,
			);
			path = Models;
			sourceTree = "<group>";
		};
		2E8B83BB288A8D1000C240E3 /* View */ = {
			isa = PBXGroup;
			children = (
				2E8B83BC288A8D2600C240E3 /* Home.swift */,
				2E8A05C3288AC996003CD92C /* MemeDetails.swift */,
				2EAF0478288AD3A000E618F4 /* MemeList.swift */,
			);
			path = View;
			sourceTree = "<group>";
		};
		2EE1AB66288902A500B0291E = {
			isa = PBXGroup;
			children = (
				2EE1AB71288902A500B0291E /* memeland */,
				2EE1AB70288902A500B0291E /* Products */,
			);
			sourceTree = "<group>";
		};
		2EE1AB70288902A500B0291E /* Products */ = {
			isa = PBXGroup;
			children = (
				2EE1AB6F288902A500B0291E /* memeland.app */,
			);
			name = Products;
			sourceTree = "<group>";
		};
		2EE1AB71288902A500B0291E /* memeland */ = {
			isa = PBXGroup;
			children = (
				2E7F745C288D7F5600B1D7F6 /* Models */,
				2E7F7456288D7DD000B1D7F6 /* Data */,
				2E77E398288AC1140079FBDA /* Info.plist */,
				2E77E371288A9D890079FBDA /* Fonts */,
				2E8B83BB288A8D1000C240E3 /* View */,
				2EE1AB72288902A500B0291E /* memelandApp.swift */,
				2EE1AB74288902A500B0291E /* ContentView.swift */,
				2EE1AB76288902A700B0291E /* Assets.xcassets */,
				2EE1AB78288902A700B0291E /* Preview Content */,
			);
			path = memeland;
			sourceTree = "<group>";
		};
		2EE1AB78288902A700B0291E /* Preview Content */ = {
			isa = PBXGroup;
			children = (
				2EE1AB79288902A700B0291E /* Preview Assets.xcassets */,
			);
			path = "Preview Content";
			sourceTree = "<group>";
		};
/* End PBXGroup section */

/* Begin PBXNativeTarget section */
		2EE1AB6E288902A500B0291E /* memeland */ = {
			isa = PBXNativeTarget;
			buildConfigurationList = 2EE1AB7D288902A700B0291E /* Build configuration list for PBXNativeTarget "memeland" */;
			buildPhases = (
				2EE1AB6B288902A500B0291E /* Sources */,
				2EE1AB6C288902A500B0291E /* Frameworks */,
				2EE1AB6D288902A500B0291E /* Resources */,
			);
			buildRules = (
			);
			dependencies = (
			);
			name = memeland;
			productName = memeland;
			productReference = 2EE1AB6F288902A500B0291E /* memeland.app */;
			productType = "com.apple.product-type.application";
		};
/* End PBXNativeTarget section */

/* Begin PBXProject section */
		2EE1AB67288902A500B0291E /* Project object */ = {
			isa = PBXProject;
			attributes = {
				BuildIndependentTargetsInParallel = 1;
				LastSwiftUpdateCheck = 1340;
				LastUpgradeCheck = 1340;
				TargetAttributes = {
					2EE1AB6E288902A500B0291E = {
						CreatedOnToolsVersion = 13.4.1;
					};
				};
			};
			buildConfigurationList = 2EE1AB6A288902A500B0291E /* Build configuration list for PBXProject "memeland" */;
			compatibilityVersion = "Xcode 13.0";
			developmentRegion = en;
			hasScannedForEncodings = 0;
			knownRegions = (
				en,
				Base,
			);
			mainGroup = 2EE1AB66288902A500B0291E;
			productRefGroup = 2EE1AB70288902A500B0291E /* Products */;
			projectDirPath = "";
			projectRoot = "";
			targets = (
				2EE1AB6E288902A500B0291E /* memeland */,
			);
		};
/* End PBXProject section */

/* Begin PBXResourcesBuildPhase section */
		2EE1AB6D288902A500B0291E /* Resources */ = {
			isa = PBXResourcesBuildPhase;
			buildActionMask = 2147483647;
			files = (
				2E77E38F288A9E100079FBDA /* Montserrat-SemiBoldItalic.ttf in Resources */,
				2E77E385288A9E100079FBDA /* Montserrat-Light.ttf in Resources */,
				2E77E392288A9E100079FBDA /* Montserrat-Regular.ttf in Resources */,
				2E77E38D288A9E100079FBDA /* Montserrat-ExtraBold.ttf in Resources */,
				2EE1AB7A288902A700B0291E /* Preview Assets.xcassets in Resources */,
				2E77E387288A9E100079FBDA /* Montserrat-LightItalic.ttf in Resources */,
				2E77E390288A9E100079FBDA /* Montserrat-Bold.ttf in Resources */,
				2E77E38E288A9E100079FBDA /* Montserrat-Black.ttf in Resources */,
				2EE1AB77288902A700B0291E /* Assets.xcassets in Resources */,
				2E77E386288A9E100079FBDA /* Montserrat-BoldItalic.ttf in Resources */,
				2E77E395288A9E100079FBDA /* Montserrat-Thin.ttf in Resources */,
				2E77E384288A9E100079FBDA /* Montserrat-ThinItalic.ttf in Resources */,
				2E793987289037FB0044FEC6 /* memes.json in Resources */,
				2E77E391288A9E100079FBDA /* Montserrat-MediumItalic.ttf in Resources */,
				2E77E38C288A9E100079FBDA /* Montserrat-ExtraLight.ttf in Resources */,
				2E77E38A288A9E100079FBDA /* Montserrat-SemiBold.ttf in Resources */,
				2E77E38B288A9E100079FBDA /* Montserrat-ExtraBoldItalic.ttf in Resources */,
				2E77E389288A9E100079FBDA /* Montserrat-Medium.ttf in Resources */,
				2E77E388288A9E100079FBDA /* Montserrat-Italic.ttf in Resources */,
				2E77E393288A9E100079FBDA /* Montserrat-ExtraLightItalic.ttf in Resources */,
				2E77E394288A9E100079FBDA /* Montserrat-BlackItalic.ttf in Resources */,
			);
			runOnlyForDeploymentPostprocessing = 0;
		};
/* End PBXResourcesBuildPhase section */

/* Begin PBXSourcesBuildPhase section */
		2EE1AB6B288902A500B0291E /* Sources */ = {
			isa = PBXSourcesBuildPhase;
			buildActionMask = 2147483647;
			files = (
				2EE1AB75288902A500B0291E /* ContentView.swift in Sources */,
				2E8A05C4288AC996003CD92C /* MemeDetails.swift in Sources */,
				2E8B83BD288A8D2600C240E3 /* Home.swift in Sources */,
				2E7F745E288D7F6900B1D7F6 /* Meme.swift in Sources */,
				2EE1AB73288902A500B0291E /* memelandApp.swift in Sources */,
				2EAF0479288AD3A000E618F4 /* MemeList.swift in Sources */,
			);
			runOnlyForDeploymentPostprocessing = 0;
		};
/* End PBXSourcesBuildPhase section */

/* Begin XCBuildConfiguration section */
		2EE1AB7B288902A700B0291E /* Debug */ = {
			isa = XCBuildConfiguration;
			buildSettings = {
				ALWAYS_SEARCH_USER_PATHS = NO;
				CLANG_ANALYZER_NONNULL = YES;
				CLANG_ANALYZER_NUMBER_OBJECT_CONVERSION = YES_AGGRESSIVE;
				CLANG_CXX_LANGUAGE_STANDARD = "gnu++17";
				CLANG_ENABLE_MODULES = YES;
				CLANG_ENABLE_OBJC_ARC = YES;
				CLANG_ENABLE_OBJC_WEAK = YES;
				CLANG_WARN_BLOCK_CAPTURE_AUTORELEASING = YES;
				CLANG_WARN_BOOL_CONVERSION = YES;
				CLANG_WARN_COMMA = YES;
				CLANG_WARN_CONSTANT_CONVERSION = YES;
				CLANG_WARN_DEPRECATED_OBJC_IMPLEMENTATIONS = YES;
				CLANG_WARN_DIRECT_OBJC_ISA_USAGE = YES_ERROR;
				CLANG_WARN_DOCUMENTATION_COMMENTS = YES;
				CLANG_WARN_EMPTY_BODY = YES;
				CLANG_WARN_ENUM_CONVERSION = YES;
				CLANG_WARN_INFINITE_RECURSION = YES;
				CLANG_WARN_INT_CONVERSION = YES;
				CLANG_WARN_NON_LITERAL_NULL_CONVERSION = YES;
				CLANG_WARN_OBJC_IMPLICIT_RETAIN_SELF = YES;
				CLANG_WARN_OBJC_LITERAL_CONVERSION = YES;
				CLANG_WARN_OBJC_ROOT_CLASS = YES_ERROR;
				CLANG_WARN_QUOTED_INCLUDE_IN_FRAMEWORK_HEADER = YES;
				CLANG_WARN_RANGE_LOOP_ANALYSIS = YES;
				CLANG_WARN_STRICT_PROTOTYPES = YES;
				CLANG_WARN_SUSPICIOUS_MOVE = YES;
				CLANG_WARN_UNGUARDED_AVAILABILITY = YES_AGGRESSIVE;
				CLANG_WARN_UNREACHABLE_CODE = YES;
				CLANG_WARN__DUPLICATE_METHOD_MATCH = YES;
				COPY_PHASE_STRIP = NO;
				DEBUG_INFORMATION_FORMAT = dwarf;
				ENABLE_STRICT_OBJC_MSGSEND = YES;
				ENABLE_TESTABILITY = YES;
				GCC_C_LANGUAGE_STANDARD = gnu11;
				GCC_DYNAMIC_NO_PIC = NO;
				GCC_NO_COMMON_BLOCKS = YES;
				GCC_OPTIMIZATION_LEVEL = 0;
				GCC_PREPROCESSOR_DEFINITIONS = (
					"DEBUG=1",
					"$(inherited)",
				);
				GCC_WARN_64_TO_32_BIT_CONVERSION = YES;
				GCC_WARN_ABOUT_RETURN_TYPE = YES_ERROR;
				GCC_WARN_UNDECLARED_SELECTOR = YES;
				GCC_WARN_UNINITIALIZED_AUTOS = YES_AGGRESSIVE;
				GCC_WARN_UNUSED_FUNCTION = YES;
				GCC_WARN_UNUSED_VARIABLE = YES;
				IPHONEOS_DEPLOYMENT_TARGET = 15.5;
				MTL_ENABLE_DEBUG_INFO = INCLUDE_SOURCE;
				MTL_FAST_MATH = YES;
				ONLY_ACTIVE_ARCH = YES;
				SDKROOT = iphoneos;
				SWIFT_ACTIVE_COMPILATION_CONDITIONS = DEBUG;
				SWIFT_OPTIMIZATION_LEVEL = "-Onone";
			};
			name = Debug;
		};
		2EE1AB7C288902A700B0291E /* Release */ = {
			isa = XCBuildConfiguration;
			buildSettings = {
				ALWAYS_SEARCH_USER_PATHS = NO;
				CLANG_ANALYZER_NONNULL = YES;
				CLANG_ANALYZER_NUMBER_OBJECT_CONVERSION = YES_AGGRESSIVE;
				CLANG_CXX_LANGUAGE_STANDARD = "gnu++17";
				CLANG_ENABLE_MODULES = YES;
				CLANG_ENABLE_OBJC_ARC = YES;
				CLANG_ENABLE_OBJC_WEAK = YES;
				CLANG_WARN_BLOCK_CAPTURE_AUTORELEASING = YES;
				CLANG_WARN_BOOL_CONVERSION = YES;
				CLANG_WARN_COMMA = YES;
				CLANG_WARN_CONSTANT_CONVERSION = YES;
				CLANG_WARN_DEPRECATED_OBJC_IMPLEMENTATIONS = YES;
				CLANG_WARN_DIRECT_OBJC_ISA_USAGE = YES_ERROR;
				CLANG_WARN_DOCUMENTATION_COMMENTS = YES;
				CLANG_WARN_EMPTY_BODY = YES;
				CLANG_WARN_ENUM_CONVERSION = YES;
				CLANG_WARN_INFINITE_RECURSION = YES;
				CLANG_WARN_INT_CONVERSION = YES;
				CLANG_WARN_NON_LITERAL_NULL_CONVERSION = YES;
				CLANG_WARN_OBJC_IMPLICIT_RETAIN_SELF = YES;
				CLANG_WARN_OBJC_LITERAL_CONVERSION = YES;
				CLANG_WARN_OBJC_ROOT_CLASS = YES_ERROR;
				CLANG_WARN_QUOTED_INCLUDE_IN_FRAMEWORK_HEADER = YES;
				CLANG_WARN_RANGE_LOOP_ANALYSIS = YES;
				CLANG_WARN_STRICT_PROTOTYPES = YES;
				CLANG_WARN_SUSPICIOUS_MOVE = YES;
				CLANG_WARN_UNGUARDED_AVAILABILITY = YES_AGGRESSIVE;
				CLANG_WARN_UNREACHABLE_CODE = YES;
				CLANG_WARN__DUPLICATE_METHOD_MATCH = YES;
				COPY_PHASE_STRIP = NO;
				DEBUG_INFORMATION_FORMAT = "dwarf-with-dsym";
				ENABLE_NS_ASSERTIONS = NO;
				ENABLE_STRICT_OBJC_MSGSEND = YES;
				GCC_C_LANGUAGE_STANDARD = gnu11;
				GCC_NO_COMMON_BLOCKS = YES;
				GCC_WARN_64_TO_32_BIT_CONVERSION = YES;
				GCC_WARN_ABOUT_RETURN_TYPE = YES_ERROR;
				GCC_WARN_UNDECLARED_SELECTOR = YES;
				GCC_WARN_UNINITIALIZED_AUTOS = YES_AGGRESSIVE;
				GCC_WARN_UNUSED_FUNCTION = YES;
				GCC_WARN_UNUSED_VARIABLE = YES;
				IPHONEOS_DEPLOYMENT_TARGET = 15.5;
				MTL_ENABLE_DEBUG_INFO = NO;
				MTL_FAST_MATH = YES;
				SDKROOT = iphoneos;
				SWIFT_COMPILATION_MODE = wholemodule;
				SWIFT_OPTIMIZATION_LEVEL = "-O";
				VALIDATE_PRODUCT = YES;
			};
			name = Release;
		};
		2EE1AB7E288902A700B0291E /* Debug */ = {
			isa = XCBuildConfiguration;
			buildSettings = {
				ASSETCATALOG_COMPILER_APPICON_NAME = AppIcon;
				ASSETCATALOG_COMPILER_GLOBAL_ACCENT_COLOR_NAME = AccentColor;
				CODE_SIGN_STYLE = Automatic;
				CURRENT_PROJECT_VERSION = 1;
				DEVELOPMENT_ASSET_PATHS = "\"memeland/Preview Content\"";
				DEVELOPMENT_TEAM = Y5XJ3H4BNG;
				ENABLE_PREVIEWS = YES;
				GENERATE_INFOPLIST_FILE = YES;
				INFOPLIST_FILE = memeland/Info.plist;
				INFOPLIST_KEY_UIApplicationSceneManifest_Generation = YES;
				INFOPLIST_KEY_UIApplicationSupportsIndirectInputEvents = YES;
				INFOPLIST_KEY_UILaunchScreen_Generation = YES;
				INFOPLIST_KEY_UISupportedInterfaceOrientations_iPad = "UIInterfaceOrientationPortrait UIInterfaceOrientationPortraitUpsideDown UIInterfaceOrientationLandscapeLeft UIInterfaceOrientationLandscapeRight";
				INFOPLIST_KEY_UISupportedInterfaceOrientations_iPhone = "UIInterfaceOrientationPortrait UIInterfaceOrientationLandscapeLeft UIInterfaceOrientationLandscapeRight";
				LD_RUNPATH_SEARCH_PATHS = (
					"$(inherited)",
					"@executable_path/Frameworks",
				);
				MARKETING_VERSION = 1.0;
				PRODUCT_BUNDLE_IDENTIFIER = com.an.memeland;
				PRODUCT_NAME = "$(TARGET_NAME)";
				SWIFT_EMIT_LOC_STRINGS = YES;
				SWIFT_VERSION = 5.0;
				TARGETED_DEVICE_FAMILY = "1,2";
			};
			name = Debug;
		};
		2EE1AB7F288902A700B0291E /* Release */ = {
			isa = XCBuildConfiguration;
			buildSettings = {
				ASSETCATALOG_COMPILER_APPICON_NAME = AppIcon;
				ASSETCATALOG_COMPILER_GLOBAL_ACCENT_COLOR_NAME = AccentColor;
				CODE_SIGN_STYLE = Automatic;
				CURRENT_PROJECT_VERSION = 1;
				DEVELOPMENT_ASSET_PATHS = "\"memeland/Preview Content\"";
				DEVELOPMENT_TEAM = Y5XJ3H4BNG;
				ENABLE_PREVIEWS = YES;
				GENERATE_INFOPLIST_FILE = YES;
				INFOPLIST_FILE = memeland/Info.plist;
				INFOPLIST_KEY_UIApplicationSceneManifest_Generation = YES;
				INFOPLIST_KEY_UIApplicationSupportsIndirectInputEvents = YES;
				INFOPLIST_KEY_UILaunchScreen_Generation = YES;
				INFOPLIST_KEY_UISupportedInterfaceOrientations_iPad = "UIInterfaceOrientationPortrait UIInterfaceOrientationPortraitUpsideDown UIInterfaceOrientationLandscapeLeft UIInterfaceOrientationLandscapeRight";
				INFOPLIST_KEY_UISupportedInterfaceOrientations_iPhone = "UIInterfaceOrientationPortrait UIInterfaceOrientationLandscapeLeft UIInterfaceOrientationLandscapeRight";
				LD_RUNPATH_SEARCH_PATHS = (
					"$(inherited)",
					"@executable_path/Frameworks",
				);
				MARKETING_VERSION = 1.0;
				PRODUCT_BUNDLE_IDENTIFIER = com.an.memeland;
				PRODUCT_NAME = "$(TARGET_NAME)";
				SWIFT_EMIT_LOC_STRINGS = YES;
				SWIFT_VERSION = 5.0;
				TARGETED_DEVICE_FAMILY = "1,2";
			};
			name = Release;
		};
/* End XCBuildConfiguration section */

/* Begin XCConfigurationList section */
		2EE1AB6A288902A500B0291E /* Build configuration list for PBXProject "memeland" */ = {
			isa = XCConfigurationList;
			buildConfigurations = (
				2EE1AB7B288902A700B0291E /* Debug */,
				2EE1AB7C288902A700B0291E /* Release */,
			);
			defaultConfigurationIsVisible = 0;
			defaultConfigurationName = Release;
		};
		2EE1AB7D288902A700B0291E /* Build configuration list for PBXNativeTarget "memeland" */ = {
			isa = XCConfigurationList;
			buildConfigurations = (
				2EE1AB7E288902A700B0291E /* Debug */,
				2EE1AB7F288902A700B0291E /* Release */,
			);
			defaultConfigurationIsVisible = 0;
			defaultConfigurationName = Release;
		};
/* End XCConfigurationList section */
	};
	rootObject = 2EE1AB67288902A500B0291E /* Project object */;
}
